# THIS IS AN AUTOGENERATED FILE. DO NOT EDIT THIS FILE DIRECTLY.
# yarn lockfile v1


"@xmini/aliapp-component-base@0.0.13":
  version "0.0.13"
  resolved "https://registry.yarnpkg.com/@xmini/aliapp-component-base/-/aliapp-component-base-0.0.13.tgz#9ee50767df97be9bc7029bf536dbdea62d156e36"
  integrity sha512-PZEYm+e3j5pUHEDD4MpaDBUPRZtg06n3EnkwGGLFmi3aDggCAHKfEyr8pAC0VZq4mxRYZGTuYjQWjUxGorbWIw==

"@xmini/x-mini@2.1.33":
  version "2.1.33"
  resolved "https://registry.yarnpkg.com/@xmini/x-mini/-/x-mini-2.1.33.tgz#33fe148b38760fd878528a437944e822be53f12e"
  integrity sha512-fAvPFuDiBT+wxMRmV1aRjzTJcmXnRM2/du40x2dJ7ewFSVMSyMQEFb44x+ybEW/OusHxKnpqKOeO4lqEsht87Q==

domelementtype@1:
  version "1.3.1"
  resolved "https://registry.yarnpkg.com/domelementtype/-/domelementtype-1.3.1.tgz#d048c44b37b0d10a7f2a3d5fee3f4333d790481f"
  integrity sha512-BSKB+TSpMpFI/HOxCNr1O8aMOTZ8hT3pM3GQ0w/mWRmkhEDSFJkkyzz4XQsBV44BChwGkrDfMyjVD0eA2aFV3w==

domhandler@^2.4.2:
  version "2.4.2"
  resolved "https://registry.yarnpkg.com/domhandler/-/domhandler-2.4.2.tgz#8805097e933d65e85546f726d60f5eb88b44f803"
  integrity sha512-JiK04h0Ht5u/80fdLMCEmV4zkNh2BcoMFBmZ/91WtYZ8qVXSKjiw7fXMgFPnHcSZgOo3XdinHvmnDUeMf5R4wA==
  dependencies:
    domelementtype "1"

entities@^1.1.1:
  version "1.1.2"
  resolved "https://registry.yarnpkg.com/entities/-/entities-1.1.2.tgz#bdfa735299664dfafd34529ed4f8522a275fea56"
  integrity sha512-f2LZMYl1Fzu7YSBKg+RoROelpOaNrcGmE9AZubeDfrCEia483oW4MI4VyFd5VNHIgQ/7qm1I0wUHK1eJnn2y2w==

events@^3.0.0:
  version "3.0.0"
  resolved "https://registry.yarnpkg.com/events/-/events-3.0.0.tgz#9a0a0dfaf62893d92b875b8f2698ca4114973e88"
  integrity sha512-Dc381HFWJzEOhQ+d8pkNon++bk9h6cdAoAj4iE6Q4y6xgTzySWXlKn05/TVNpjnfRqi/X0EpJEJohPjNI3zpVA==

mini-html-parser2@^0.1.4:
  version "0.1.4"
  resolved "https://registry.yarnpkg.com/mini-html-parser2/-/mini-html-parser2-0.1.4.tgz#fe972bd76c93237a14a9440573fbda97fd8c0e61"
  integrity sha512-Z0pSC6Idpx6hYDVRu0j8LYoXLkOCxq/mcltmTMunqpFCT8ujyzybMjAuGdmDAh//rvE9tu/e4qAbHOjAjzDNAg==
  dependencies:
    domhandler "^2.4.2"
    entities "^1.1.1"
    events "^3.0.0"
